// !$*UTF8*$!
{
	archiveVersion = 1;
	classes = {
	};
	objectVersion = 56;
	objects = {

/* Begin PBXBuildFile section */
		1785F72329AD25A400112B29 /* SpriteKit_FoundationApp.swift in Sources */ = {isa = PBXBuildFile; fileRef = 1785F72229AD25A400112B29 /* SpriteKit_FoundationApp.swift */; };
		1785F72529AD25A400112B29 /* ContentView.swift in Sources */ = {isa = PBXBuildFile; fileRef = 1785F72429AD25A400112B29 /* ContentView.swift */; };
		1785F72729AD25A600112B29 /* Assets.xcassets in Resources */ = {isa = PBXBuildFile; fileRef = 1785F72629AD25A600112B29 /* Assets.xcassets */; };
		1785F72B29AD25A600112B29 /* Preview Assets.xcassets in Resources */ = {isa = PBXBuildFile; fileRef = 1785F72A29AD25A600112B29 /* Preview Assets.xcassets */; };
		1785F73529AD25A700112B29 /* SpriteKit_FoundationTests.swift in Sources */ = {isa = PBXBuildFile; fileRef = 1785F73429AD25A700112B29 /* SpriteKit_FoundationTests.swift */; };
		1785F73F29AD25A700112B29 /* SpriteKit_FoundationUITests.swift in Sources */ = {isa = PBXBuildFile; fileRef = 1785F73E29AD25A700112B29 /* SpriteKit_FoundationUITests.swift */; };
		1785F74129AD25A700112B29 /* SpriteKit_FoundationUITestsLaunchTests.swift in Sources */ = {isa = PBXBuildFile; fileRef = 1785F74029AD25A700112B29 /* SpriteKit_FoundationUITestsLaunchTests.swift */; };
/* End PBXBuildFile section */

/* Begin PBXContainerItemProxy section */
		1785F73129AD25A700112B29 /* PBXContainerItemProxy */ = {
			isa = PBXContainerItemProxy;
			containerPortal = 1785F71729AD25A400112B29 /* Project object */;
			proxyType = 1;
			remoteGlobalIDString = 1785F71E29AD25A400112B29;
			remoteInfo = "SpriteKit Foundation";
		};
		1785F73B29AD25A700112B29 /* PBXContainerItemProxy */ = {
			isa = PBXContainerItemProxy;
			containerPortal = 1785F71729AD25A400112B29 /* Project object */;
			proxyType = 1;
			remoteGlobalIDString = 1785F71E29AD25A400112B29;
			remoteInfo = "SpriteKit Foundation";
		};
/* End PBXContainerItemProxy section */

/* Begin PBXFileReference section */
		1785F71F29AD25A400112B29 /* SpriteKit Foundation.app */ = {isa = PBXFileReference; explicitFileType = wrapper.application; includeInIndex = 0; path = "SpriteKit Foundation.app"; sourceTree = BUILT_PRODUCTS_DIR; };
		1785F72229AD25A400112B29 /* SpriteKit_FoundationApp.swift */ = {isa = PBXFileReference; lastKnownFileType = sourcecode.swift; path = SpriteKit_FoundationApp.swift; sourceTree = "<group>"; };
		1785F72429AD25A400112B29 /* ContentView.swift */ = {isa = PBXFileReference; lastKnownFileType = sourcecode.swift; path = ContentView.swift; sourceTree = "<group>"; };
		1785F72629AD25A600112B29 /* Assets.xcassets */ = {isa = PBXFileReference; lastKnownFileType = folder.assetcatalog; path = Assets.xcassets; sourceTree = "<group>"; };
		1785F72829AD25A600112B29 /* SpriteKit_Foundation.entitlements */ = {isa = PBXFileReference; lastKnownFileType = text.plist.entitlements; path = SpriteKit_Foundation.entitlements; sourceTree = "<group>"; };
		1785F72A29AD25A600112B29 /* Preview Assets.xcassets */ = {isa = PBXFileReference; lastKnownFileType = folder.assetcatalog; path = "Preview Assets.xcassets"; sourceTree = "<group>"; };
		1785F73029AD25A700112B29 /* SpriteKit FoundationTests.xctest */ = {isa = PBXFileReference; explicitFileType = wrapper.cfbundle; includeInIndex = 0; path = "SpriteKit FoundationTests.xctest"; sourceTree = BUILT_PRODUCTS_DIR; };
		1785F73429AD25A700112B29 /* SpriteKit_FoundationTests.swift */ = {isa = PBXFileReference; lastKnownFileType = sourcecode.swift; path = SpriteKit_FoundationTests.swift; sourceTree = "<group>"; };
		1785F73A29AD25A700112B29 /* SpriteKit FoundationUITests.xctest */ = {isa = PBXFileReference; explicitFileType = wrapper.cfbundle; includeInIndex = 0; path = "SpriteKit FoundationUITests.xctest"; sourceTree = BUILT_PRODUCTS_DIR; };
		1785F73E29AD25A700112B29 /* SpriteKit_FoundationUITests.swift */ = {isa = PBXFileReference; lastKnownFileType = sourcecode.swift; path = SpriteKit_FoundationUITests.swift; sourceTree = "<group>"; };
		1785F74029AD25A700112B29 /* SpriteKit_FoundationUITestsLaunchTests.swift */ = {isa = PBXFileReference; lastKnownFileType = sourcecode.swift; path = SpriteKit_FoundationUITestsLaunchTests.swift; sourceTree = "<group>"; };
/* End PBXFileReference section */

/* Begin PBXFrameworksBuildPhase section */
		1785F71C29AD25A400112B29 /* Frameworks */ = {
			isa = PBXFrameworksBuildPhase;
			buildActionMask = 2147483647;
			files = (
			);
			runOnlyForDeploymentPostprocessing = 0;
		};
		1785F72D29AD25A700112B29 /* Frameworks */ = {
			isa = PBXFrameworksBuildPhase;
			buildActionMask = 2147483647;
			files = (
			);
			runOnlyForDeploymentPostprocessing = 0;
		};
		1785F73729AD25A700112B29 /* Frameworks */ = {
			isa = PBXFrameworksBuildPhase;
			buildActionMask = 2147483647;
			files = (
			);
			runOnlyForDeploymentPostprocessing = 0;
		};
/* End PBXFrameworksBuildPhase section */

/* Begin PBXGroup section */
		1785F71629AD25A400112B29 = {
			isa = PBXGroup;
			children = (
				1785F72129AD25A400112B29 /* SpriteKit Foundation */,
				1785F73329AD25A700112B29 /* SpriteKit FoundationTests */,
				1785F73D29AD25A700112B29 /* SpriteKit FoundationUITests */,
				1785F72029AD25A400112B29 /* Products */,
			);
			sourceTree = "<group>";
		};
		1785F72029AD25A400112B29 /* Products */ = {
			isa = PBXGroup;
			children = (
				1785F71F29AD25A400112B29 /* SpriteKit Foundation.app */,
				1785F73029AD25A700112B29 /* SpriteKit FoundationTests.xctest */,
				1785F73A29AD25A700112B29 /* SpriteKit FoundationUITests.xctest */,
			);
			name = Products;
			sourceTree = "<group>";
		};
		1785F72129AD25A400112B29 /* SpriteKit Foundation */ = {
			isa = PBXGroup;
			children = (
				1785F72229AD25A400112B29 /* SpriteKit_FoundationApp.swift */,
				1785F72429AD25A400112B29 /* ContentView.swift */,
				1785F72629AD25A600112B29 /* Assets.xcassets */,
				1785F72829AD25A600112B29 /* SpriteKit_Foundation.entitlements */,
				1785F72929AD25A600112B29 /* Preview Content */,
			);
			path = "SpriteKit Foundation";
			sourceTree = "<group>";
		};
		1785F72929AD25A600112B29 /* Preview Content */ = {
			isa = PBXGroup;
			children = (
				1785F72A29AD25A600112B29 /* Preview Assets.xcassets */,
			);
			path = "Preview Content";
			sourceTree = "<group>";
		};
		1785F73329AD25A700112B29 /* SpriteKit FoundationTests */ = {
			isa = PBXGroup;
			children = (
				1785F73429AD25A700112B29 /* SpriteKit_FoundationTests.swift */,
			);
			path = "SpriteKit FoundationTests";
			sourceTree = "<group>";
		};
		1785F73D29AD25A700112B29 /* SpriteKit FoundationUITests */ = {
			isa = PBXGroup;
			children = (
				1785F73E29AD25A700112B29 /* SpriteKit_FoundationUITests.swift */,
				1785F74029AD25A700112B29 /* SpriteKit_FoundationUITestsLaunchTests.swift */,
			);
			path = "SpriteKit FoundationUITests";
			sourceTree = "<group>";
		};
/* End PBXGroup section */

/* Begin PBXNativeTarget section */
		1785F71E29AD25A400112B29 /* SpriteKit Foundation */ = {
			isa = PBXNativeTarget;
			buildConfigurationList = 1785F74429AD25A700112B29 /* Build configuration list for PBXNativeTarget "SpriteKit Foundation" */;
			buildPhases = (
				1785F71B29AD25A400112B29 /* Sources */,
				1785F71C29AD25A400112B29 /* Frameworks */,
				1785F71D29AD25A400112B29 /* Resources */,
			);
			buildRules = (
			);
			dependencies = (
			);
			name = "SpriteKit Foundation";
			productName = "SpriteKit Foundation";
			productReference = 1785F71F29AD25A400112B29 /* SpriteKit Foundation.app */;
			productType = "com.apple.product-type.application";
		};
		1785F72F29AD25A700112B29 /* SpriteKit FoundationTests */ = {
			isa = PBXNativeTarget;
			buildConfigurationList = 1785F74729AD25A700112B29 /* Build configuration list for PBXNativeTarget "SpriteKit FoundationTests" */;
			buildPhases = (
				1785F72C29AD25A700112B29 /* Sources */,
				1785F72D29AD25A700112B29 /* Frameworks */,
				1785F72E29AD25A700112B29 /* Resources */,
			);
			buildRules = (
			);
			dependencies = (
				1785F73229AD25A700112B29 /* PBXTargetDependency */,
			);
			name = "SpriteKit FoundationTests";
			productName = "SpriteKit FoundationTests";
			productReference = 1785F73029AD25A700112B29 /* SpriteKit FoundationTests.xctest */;
			productType = "com.apple.product-type.bundle.unit-test";
		};
		1785F73929AD25A700112B29 /* SpriteKit FoundationUITests */ = {
			isa = PBXNativeTarget;
			buildConfigurationList = 1785F74A29AD25A700112B29 /* Build configuration list for PBXNativeTarget "SpriteKit FoundationUITests" */;
			buildPhases = (
				1785F73629AD25A700112B29 /* Sources */,
				1785F73729AD25A700112B29 /* Frameworks */,
				1785F73829AD25A700112B29 /* Resources */,
			);
			buildRules = (
			);
			dependencies = (
				1785F73C29AD25A700112B29 /* PBXTargetDependency */,
			);
			name = "SpriteKit FoundationUITests";
			productName = "SpriteKit FoundationUITests";
			productReference = 1785F73A29AD25A700112B29 /* SpriteKit FoundationUITests.xctest */;
			productType = "com.apple.product-type.bundle.ui-testing";
		};
/* End PBXNativeTarget section */

/* Begin PBXProject section */
		1785F71729AD25A400112B29 /* Project object */ = {
			isa = PBXProject;
			attributes = {
				BuildIndependentTargetsInParallel = 1;
				LastSwiftUpdateCheck = 1420;
				LastUpgradeCheck = 1420;
				TargetAttributes = {
					1785F71E29AD25A400112B29 = {
						CreatedOnToolsVersion = 14.2;
					};
					1785F72F29AD25A700112B29 = {
						CreatedOnToolsVersion = 14.2;
						TestTargetID = 1785F71E29AD25A400112B29;
					};
					1785F73929AD25A700112B29 = {
						CreatedOnToolsVersion = 14.2;
						TestTargetID = 1785F71E29AD25A400112B29;
					};
				};
			};
			buildConfigurationList = 1785F71A29AD25A400112B29 /* Build configuration list for PBXProject "SpriteKit Foundation" */;
			compatibilityVersion = "Xcode 14.0";
			developmentRegion = en;
			hasScannedForEncodings = 0;
			knownRegions = (
				en,
				Base,
			);
			mainGroup = 1785F71629AD25A400112B29;
			productRefGroup = 1785F72029AD25A400112B29 /* Products */;
			projectDirPath = "";
			projectRoot = "";
			targets = (
				1785F71E29AD25A400112B29 /* SpriteKit Foundation */,
				1785F72F29AD25A700112B29 /* SpriteKit FoundationTests */,
				1785F73929AD25A700112B29 /* SpriteKit FoundationUITests */,
			);
		};
/* End PBXProject section */

/* Begin PBXResourcesBuildPhase section */
		1785F71D29AD25A400112B29 /* Resources */ = {
			isa = PBXResourcesBuildPhase;
			buildActionMask = 2147483647;
			files = (
				1785F72B29AD25A600112B29 /* Preview Assets.xcassets in Resources */,
				1785F72729AD25A600112B29 /* Assets.xcassets in Resources */,
			);
			runOnlyForDeploymentPostprocessing = 0;
		};
		1785F72E29AD25A700112B29 /* Resources */ = {
			isa = PBXResourcesBuildPhase;
			buildActionMask = 2147483647;
			files = (
			);
			runOnlyForDeploymentPostprocessing = 0;
		};
		1785F73829AD25A700112B29 /* Resources */ = {
			isa = PBXResourcesBuildPhase;
			buildActionMask = 2147483647;
			files = (
			);
			runOnlyForDeploymentPostprocessing = 0;
		};
/* End PBXResourcesBuildPhase section */

/* Begin PBXSourcesBuildPhase section */
		1785F71B29AD25A400112B29 /* Sources */ = {
			isa = PBXSourcesBuildPhase;
			buildActionMask = 2147483647;
			files = (
				1785F72529AD25A400112B29 /* ContentView.swift in Sources */,
				1785F72329AD25A400112B29 /* SpriteKit_FoundationApp.swift in Sources */,
			);
			runOnlyForDeploymentPostprocessing = 0;
		};
		1785F72C29AD25A700112B29 /* Sources */ = {
			isa = PBXSourcesBuildPhase;
			buildActionMask = 2147483647;
			files = (
				1785F73529AD25A700112B29 /* SpriteKit_FoundationTests.swift in Sources */,
			);
			runOnlyForDeploymentPostprocessing = 0;
		};
		1785F73629AD25A700112B29 /* Sources */ = {
			isa = PBXSourcesBuildPhase;
			buildActionMask = 2147483647;
			files = (
				1785F73F29AD25A700112B29 /* SpriteKit_FoundationUITests.swift in Sources */,
				1785F74129AD25A700112B29 /* SpriteKit_FoundationUITestsLaunchTests.swift in Sources */,
			);
			runOnlyForDeploymentPostprocessing = 0;
		};
/* End PBXSourcesBuildPhase section */

/* Begin PBXTargetDependency section */
		1785F73229AD25A700112B29 /* PBXTargetDependency */ = {
			isa = PBXTargetDependency;
			target = 1785F71E29AD25A400112B29 /* SpriteKit Foundation */;
			targetProxy = 1785F73129AD25A700112B29 /* PBXContainerItemProxy */;
		};
		1785F73C29AD25A700112B29 /* PBXTargetDependency */ = {
			isa = PBXTargetDependency;
			target = 1785F71E29AD25A400112B29 /* SpriteKit Foundation */;
			targetProxy = 1785F73B29AD25A700112B29 /* PBXContainerItemProxy */;
		};
/* End PBXTargetDependency section */

/* Begin XCBuildConfiguration section */
		1785F74229AD25A700112B29 /* Debug */ = {
			isa = XCBuildConfiguration;
			buildSettings = {
				ALWAYS_SEARCH_USER_PATHS = NO;
				CLANG_ANALYZER_NONNULL = YES;
				CLANG_ANALYZER_NUMBER_OBJECT_CONVERSION = YES_AGGRESSIVE;
				CLANG_CXX_LANGUAGE_STANDARD = "gnu++20";
				CLANG_ENABLE_MODULES = YES;
				CLANG_ENABLE_OBJC_ARC = YES;
				CLANG_ENABLE_OBJC_WEAK = YES;
				CLANG_WARN_BLOCK_CAPTURE_AUTORELEASING = YES;
				CLANG_WARN_BOOL_CONVERSION = YES;
				CLANG_WARN_COMMA = YES;
				CLANG_WARN_CONSTANT_CONVERSION = YES;
				CLANG_WARN_DEPRECATED_OBJC_IMPLEMENTATIONS = YES;
				CLANG_WARN_DIRECT_OBJC_ISA_USAGE = YES_ERROR;
				CLANG_WARN_DOCUMENTATION_COMMENTS = YES;
				CLANG_WARN_EMPTY_BODY = YES;
				CLANG_WARN_ENUM_CONVERSION = YES;
				CLANG_WARN_INFINITE_RECURSION = YES;
				CLANG_WARN_INT_CONVERSION = YES;
				CLANG_WARN_NON_LITERAL_NULL_CONVERSION = YES;
				CLANG_WARN_OBJC_IMPLICIT_RETAIN_SELF = YES;
				CLANG_WARN_OBJC_LITERAL_CONVERSION = YES;
				CLANG_WARN_OBJC_ROOT_CLASS = YES_ERROR;
				CLANG_WARN_QUOTED_INCLUDE_IN_FRAMEWORK_HEADER = YES;
				CLANG_WARN_RANGE_LOOP_ANALYSIS = YES;
				CLANG_WARN_STRICT_PROTOTYPES = YES;
				CLANG_WARN_SUSPICIOUS_MOVE = YES;
				CLANG_WARN_UNGUARDED_AVAILABILITY = YES_AGGRESSIVE;
				CLANG_WARN_UNREACHABLE_CODE = YES;
				CLANG_WARN__DUPLICATE_METHOD_MATCH = YES;
				COPY_PHASE_STRIP = NO;
				DEBUG_INFORMATION_FORMAT = dwarf;
				ENABLE_STRICT_OBJC_MSGSEND = YES;
				ENABLE_TESTABILITY = YES;
				GCC_C_LANGUAGE_STANDARD = gnu11;
				GCC_DYNAMIC_NO_PIC = NO;
				GCC_NO_COMMON_BLOCKS = YES;
				GCC_OPTIMIZATION_LEVEL = 0;
				GCC_PREPROCESSOR_DEFINITIONS = (
					"DEBUG=1",
					"$(inherited)",
				);
				GCC_WARN_64_TO_32_BIT_CONVERSION = YES;
				GCC_WARN_ABOUT_RETURN_TYPE = YES_ERROR;
				GCC_WARN_UNDECLARED_SELECTOR = YES;
				GCC_WARN_UNINITIALIZED_AUTOS = YES_AGGRESSIVE;
				GCC_WARN_UNUSED_FUNCTION = YES;
				GCC_WARN_UNUSED_VARIABLE = YES;
				MTL_ENABLE_DEBUG_INFO = INCLUDE_SOURCE;
				MTL_FAST_MATH = YES;
				ONLY_ACTIVE_ARCH = YES;
				SWIFT_ACTIVE_COMPILATION_CONDITIONS = DEBUG;
				SWIFT_OPTIMIZATION_LEVEL = "-Onone";
			};
			name = Debug;
		};
		1785F74329AD25A700112B29 /* Release */ = {
			isa = XCBuildConfiguration;
			buildSettings = {
				ALWAYS_SEARCH_USER_PATHS = NO;
				CLANG_ANALYZER_NONNULL = YES;
				CLANG_ANALYZER_NUMBER_OBJECT_CONVERSION = YES_AGGRESSIVE;
				CLANG_CXX_LANGUAGE_STANDARD = "gnu++20";
				CLANG_ENABLE_MODULES = YES;
				CLANG_ENABLE_OBJC_ARC = YES;
				CLANG_ENABLE_OBJC_WEAK = YES;
				CLANG_WARN_BLOCK_CAPTURE_AUTORELEASING = YES;
				CLANG_WARN_BOOL_CONVERSION = YES;
				CLANG_WARN_COMMA = YES;
				CLANG_WARN_CONSTANT_CONVERSION = YES;
				CLANG_WARN_DEPRECATED_OBJC_IMPLEMENTATIONS = YES;
				CLANG_WARN_DIRECT_OBJC_ISA_USAGE = YES_ERROR;
				CLANG_WARN_DOCUMENTATION_COMMENTS = YES;
				CLANG_WARN_EMPTY_BODY = YES;
				CLANG_WARN_ENUM_CONVERSION = YES;
				CLANG_WARN_INFINITE_RECURSION = YES;
				CLANG_WARN_INT_CONVERSION = YES;
				CLANG_WARN_NON_LITERAL_NULL_CONVERSION = YES;
				CLANG_WARN_OBJC_IMPLICIT_RETAIN_SELF = YES;
				CLANG_WARN_OBJC_LITERAL_CONVERSION = YES;
				CLANG_WARN_OBJC_ROOT_CLASS = YES_ERROR;
				CLANG_WARN_QUOTED_INCLUDE_IN_FRAMEWORK_HEADER = YES;
				CLANG_WARN_RANGE_LOOP_ANALYSIS = YES;
				CLANG_WARN_STRICT_PROTOTYPES = YES;
				CLANG_WARN_SUSPICIOUS_MOVE = YES;
				CLANG_WARN_UNGUARDED_AVAILABILITY = YES_AGGRESSIVE;
				CLANG_WARN_UNREACHABLE_CODE = YES;
				CLANG_WARN__DUPLICATE_METHOD_MATCH = YES;
				COPY_PHASE_STRIP = NO;
				DEBUG_INFORMATION_FORMAT = "dwarf-with-dsym";
				ENABLE_NS_ASSERTIONS = NO;
				ENABLE_STRICT_OBJC_MSGSEND = YES;
				GCC_C_LANGUAGE_STANDARD = gnu11;
				GCC_NO_COMMON_BLOCKS = YES;
				GCC_WARN_64_TO_32_BIT_CONVERSION = YES;
				GCC_WARN_ABOUT_RETURN_TYPE = YES_ERROR;
				GCC_WARN_UNDECLARED_SELECTOR = YES;
				GCC_WARN_UNINITIALIZED_AUTOS = YES_AGGRESSIVE;
				GCC_WARN_UNUSED_FUNCTION = YES;
				GCC_WARN_UNUSED_VARIABLE = YES;
				MTL_ENABLE_DEBUG_INFO = NO;
				MTL_FAST_MATH = YES;
				SWIFT_COMPILATION_MODE = wholemodule;
				SWIFT_OPTIMIZATION_LEVEL = "-O";
			};
			name = Release;
		};
		1785F74529AD25A700112B29 /* Debug */ = {
			isa = XCBuildConfiguration;
			buildSettings = {
				ASSETCATALOG_COMPILER_APPICON_NAME = AppIcon;
				ASSETCATALOG_COMPILER_GLOBAL_ACCENT_COLOR_NAME = AccentColor;
				CODE_SIGN_ENTITLEMENTS = "SpriteKit Foundation/SpriteKit_Foundation.entitlements";
				CODE_SIGN_STYLE = Automatic;
				CURRENT_PROJECT_VERSION = 1;
				DEVELOPMENT_ASSET_PATHS = "\"SpriteKit Foundation/Preview Content\"";
				DEVELOPMENT_TEAM = AK2T82WWSV;
				ENABLE_HARDENED_RUNTIME = YES;
				ENABLE_PREVIEWS = YES;
				GENERATE_INFOPLIST_FILE = YES;
				"INFOPLIST_KEY_UIApplicationSceneManifest_Generation[sdk=iphoneos*]" = YES;
				"INFOPLIST_KEY_UIApplicationSceneManifest_Generation[sdk=iphonesimulator*]" = YES;
				"INFOPLIST_KEY_UIApplicationSupportsIndirectInputEvents[sdk=iphoneos*]" = YES;
				"INFOPLIST_KEY_UIApplicationSupportsIndirectInputEvents[sdk=iphonesimulator*]" = YES;
				"INFOPLIST_KEY_UILaunchScreen_Generation[sdk=iphoneos*]" = YES;
				"INFOPLIST_KEY_UILaunchScreen_Generation[sdk=iphonesimulator*]" = YES;
				"INFOPLIST_KEY_UIStatusBarStyle[sdk=iphoneos*]" = UIStatusBarStyleDefault;
				"INFOPLIST_KEY_UIStatusBarStyle[sdk=iphonesimulator*]" = UIStatusBarStyleDefault;
				INFOPLIST_KEY_UISupportedInterfaceOrientations_iPad = "UIInterfaceOrientationPortrait UIInterfaceOrientationPortraitUpsideDown UIInterfaceOrientationLandscapeLeft UIInterfaceOrientationLandscapeRight";
				INFOPLIST_KEY_UISupportedInterfaceOrientations_iPhone = "UIInterfaceOrientationPortrait UIInterfaceOrientationLandscapeLeft UIInterfaceOrientationLandscapeRight";
				IPHONEOS_DEPLOYMENT_TARGET = 16.2;
				LD_RUNPATH_SEARCH_PATHS = "@executable_path/Frameworks";
				"LD_RUNPATH_SEARCH_PATHS[sdk=macosx*]" = "@executable_path/../Frameworks";
				MACOSX_DEPLOYMENT_TARGET = 13.1;
				MARKETING_VERSION = 1.0;
				PRODUCT_BUNDLE_IDENTIFIER = "aashish22bansal.SpriteKit-Foundation";
				PRODUCT_NAME = "$(TARGET_NAME)";
				SDKROOT = auto;
				SUPPORTED_PLATFORMS = "iphoneos iphonesimulator macosx";
				SWIFT_EMIT_LOC_STRINGS = YES;
				SWIFT_VERSION = 5.0;
				TARGETED_DEVICE_FAMILY = "1,2";
			};
			name = Debug;
		};
		1785F74629AD25A700112B29 /* Release */ = {
			isa = XCBuildConfiguration;
			buildSettings = {
				ASSETCATALOG_COMPILER_APPICON_NAME = AppIcon;
				ASSETCATALOG_COMPILER_GLOBAL_ACCENT_COLOR_NAME = AccentColor;
				CODE_SIGN_ENTITLEMENTS = "SpriteKit Foundation/SpriteKit_Foundation.entitlements";
				CODE_SIGN_STYLE = Automatic;
				CURRENT_PROJECT_VERSION = 1;
				DEVELOPMENT_ASSET_PATHS = "\"SpriteKit Foundation/Preview Content\"";
				DEVELOPMENT_TEAM = AK2T82WWSV;
				ENABLE_HARDENED_RUNTIME = YES;
				ENABLE_PREVIEWS = YES;
				GENERATE_INFOPLIST_FILE = YES;
				"INFOPLIST_KEY_UIApplicationSceneManifest_Generation[sdk=iphoneos*]" = YES;
				"INFOPLIST_KEY_UIApplicationSceneManifest_Generation[sdk=iphonesimulator*]" = YES;
				"INFOPLIST_KEY_UIApplicationSupportsIndirectInputEvents[sdk=iphoneos*]" = YES;
				"INFOPLIST_KEY_UIApplicationSupportsIndirectInputEvents[sdk=iphonesimulator*]" = YES;
				"INFOPLIST_KEY_UILaunchScreen_Generation[sdk=iphoneos*]" = YES;
				"INFOPLIST_KEY_UILaunchScreen_Generation[sdk=iphonesimulator*]" = YES;
				"INFOPLIST_KEY_UIStatusBarStyle[sdk=iphoneos*]" = UIStatusBarStyleDefault;
				"INFOPLIST_KEY_UIStatusBarStyle[sdk=iphonesimulator*]" = UIStatusBarStyleDefault;
				INFOPLIST_KEY_UISupportedInterfaceOrientations_iPad = "UIInterfaceOrientationPortrait UIInterfaceOrientationPortraitUpsideDown UIInterfaceOrientationLandscapeLeft UIInterfaceOrientationLandscapeRight";
				INFOPLIST_KEY_UISupportedInterfaceOrientations_iPhone = "UIInterfaceOrientationPortrait UIInterfaceOrientationLandscapeLeft UIInterfaceOrientationLandscapeRight";
				IPHONEOS_DEPLOYMENT_TARGET = 16.2;
				LD_RUNPATH_SEARCH_PATHS = "@executable_path/Frameworks";
				"LD_RUNPATH_SEARCH_PATHS[sdk=macosx*]" = "@executable_path/../Frameworks";
				MACOSX_DEPLOYMENT_TARGET = 13.1;
				MARKETING_VERSION = 1.0;
				PRODUCT_BUNDLE_IDENTIFIER = "aashish22bansal.SpriteKit-Foundation";
				PRODUCT_NAME = "$(TARGET_NAME)";
				SDKROOT = auto;
				SUPPORTED_PLATFORMS = "iphoneos iphonesimulator macosx";
				SWIFT_EMIT_LOC_STRINGS = YES;
				SWIFT_VERSION = 5.0;
				TARGETED_DEVICE_FAMILY = "1,2";
			};
			name = Release;
		};
		1785F74829AD25A700112B29 /* Debug */ = {
			isa = XCBuildConfiguration;
			buildSettings = {
				ALWAYS_EMBED_SWIFT_STANDARD_LIBRARIES = YES;
				BUNDLE_LOADER = "$(TEST_HOST)";
				CODE_SIGN_STYLE = Automatic;
				CURRENT_PROJECT_VERSION = 1;
				DEVELOPMENT_TEAM = AK2T82WWSV;
				GENERATE_INFOPLIST_FILE = YES;
				IPHONEOS_DEPLOYMENT_TARGET = 16.2;
				MACOSX_DEPLOYMENT_TARGET = 13.1;
				MARKETING_VERSION = 1.0;
				PRODUCT_BUNDLE_IDENTIFIER = "aashish22bansal.SpriteKit-FoundationTests";
				PRODUCT_NAME = "$(TARGET_NAME)";
				SDKROOT = auto;
				SUPPORTED_PLATFORMS = "iphoneos iphonesimulator macosx";
				SWIFT_EMIT_LOC_STRINGS = NO;
				SWIFT_VERSION = 5.0;
				TARGETED_DEVICE_FAMILY = "1,2";
				TEST_HOST = "$(BUILT_PRODUCTS_DIR)/SpriteKit Foundation.app/$(BUNDLE_EXECUTABLE_FOLDER_PATH)/SpriteKit Foundation";
			};
			name = Debug;
		};
		1785F74929AD25A700112B29 /* Release */ = {
			isa = XCBuildConfiguration;
			buildSettings = {
				ALWAYS_EMBED_SWIFT_STANDARD_LIBRARIES = YES;
				BUNDLE_LOADER = "$(TEST_HOST)";
				CODE_SIGN_STYLE = Automatic;
				CURRENT_PROJECT_VERSION = 1;
				DEVELOPMENT_TEAM = AK2T82WWSV;
				GENERATE_INFOPLIST_FILE = YES;
				IPHONEOS_DEPLOYMENT_TARGET = 16.2;
				MACOSX_DEPLOYMENT_TARGET = 13.1;
				MARKETING_VERSION = 1.0;
				PRODUCT_BUNDLE_IDENTIFIER = "aashish22bansal.SpriteKit-FoundationTests";
				PRODUCT_NAME = "$(TARGET_NAME)";
				SDKROOT = auto;
				SUPPORTED_PLATFORMS = "iphoneos iphonesimulator macosx";
				SWIFT_EMIT_LOC_STRINGS = NO;
				SWIFT_VERSION = 5.0;
				TARGETED_DEVICE_FAMILY = "1,2";
				TEST_HOST = "$(BUILT_PRODUCTS_DIR)/SpriteKit Foundation.app/$(BUNDLE_EXECUTABLE_FOLDER_PATH)/SpriteKit Foundation";
			};
			name = Release;
		};
		1785F74B29AD25A700112B29 /* Debug */ = {
			isa = XCBuildConfiguration;
			buildSettings = {
				ALWAYS_EMBED_SWIFT_STANDARD_LIBRARIES = YES;
				CODE_SIGN_STYLE = Automatic;
				CURRENT_PROJECT_VERSION = 1;
				DEVELOPMENT_TEAM = AK2T82WWSV;
				GENERATE_INFOPLIST_FILE = YES;
				IPHONEOS_DEPLOYMENT_TARGET = 16.2;
				MACOSX_DEPLOYMENT_TARGET = 13.1;
				MARKETING_VERSION = 1.0;
				PRODUCT_BUNDLE_IDENTIFIER = "aashish22bansal.SpriteKit-FoundationUITests";
				PRODUCT_NAME = "$(TARGET_NAME)";
				SDKROOT = auto;
				SUPPORTED_PLATFORMS = "iphoneos iphonesimulator macosx";
				SWIFT_EMIT_LOC_STRINGS = NO;
				SWIFT_VERSION = 5.0;
				TARGETED_DEVICE_FAMILY = "1,2";
				TEST_TARGET_NAME = "SpriteKit Foundation";
			};
			name = Debug;
		};
		1785F74C29AD25A700112B29 /* Release */ = {
			isa = XCBuildConfiguration;
			buildSettings = {
				ALWAYS_EMBED_SWIFT_STANDARD_LIBRARIES = YES;
				CODE_SIGN_STYLE = Automatic;
				CURRENT_PROJECT_VERSION = 1;
				DEVELOPMENT_TEAM = AK2T82WWSV;
				GENERATE_INFOPLIST_FILE = YES;
				IPHONEOS_DEPLOYMENT_TARGET = 16.2;
				MACOSX_DEPLOYMENT_TARGET = 13.1;
				MARKETING_VERSION = 1.0;
				PRODUCT_BUNDLE_IDENTIFIER = "aashish22bansal.SpriteKit-FoundationUITests";
				PRODUCT_NAME = "$(TARGET_NAME)";
				SDKROOT = auto;
				SUPPORTED_PLATFORMS = "iphoneos iphonesimulator macosx";
				SWIFT_EMIT_LOC_STRINGS = NO;
				SWIFT_VERSION = 5.0;
				TARGETED_DEVICE_FAMILY = "1,2";
				TEST_TARGET_NAME = "SpriteKit Foundation";
			};
			name = Release;
		};
/* End XCBuildConfiguration section */

/* Begin XCConfigurationList section */
		1785F71A29AD25A400112B29 /* Build configuration list for PBXProject "SpriteKit Foundation" */ = {
			isa = XCConfigurationList;
			buildConfigurations = (
				1785F74229AD25A700112B29 /* Debug */,
				1785F74329AD25A700112B29 /* Release */,
			);
			defaultConfigurationIsVisible = 0;
			defaultConfigurationName = Release;
		};
		1785F74429AD25A700112B29 /* Build configuration list for PBXNativeTarget "SpriteKit Foundation" */ = {
			isa = XCConfigurationList;
			buildConfigurations = (
				1785F74529AD25A700112B29 /* Debug */,
				1785F74629AD25A700112B29 /* Release */,
			);
			defaultConfigurationIsVisible = 0;
			defaultConfigurationName = Release;
		};
		1785F74729AD25A700112B29 /* Build configuration list for PBXNativeTarget "SpriteKit FoundationTests" */ = {
			isa = XCConfigurationList;
			buildConfigurations = (
				1785F74829AD25A700112B29 /* Debug */,
				1785F74929AD25A700112B29 /* Release */,
			);
			defaultConfigurationIsVisible = 0;
			defaultConfigurationName = Release;
		};
		1785F74A29AD25A700112B29 /* Build configuration list for PBXNativeTarget "SpriteKit FoundationUITests" */ = {
			isa = XCConfigurationList;
			buildConfigurations = (
				1785F74B29AD25A700112B29 /* Debug */,
				1785F74C29AD25A700112B29 /* Release */,
			);
			defaultConfigurationIsVisible = 0;
			defaultConfigurationName = Release;
		};
/* End XCConfigurationList section */
	};
	rootObject = 1785F71729AD25A400112B29 /* Project object */;
}
